
Microsoft Visual Studio Solution File, Format Version 12.00
# Visual Studio Version 17
VisualStudioVersion = 17.0.32014.148
MinimumVisualStudioVersion = 10.0.40219.1
Project("{9A19103F-16F7-4668-BE54-9A1E7A4F7556}") = "CarRentalManagment.Server", "CarRentalManagment\Server\CarRentalManagment.Server.csproj", "{157C4854-DF59-4CD8-AF91-29F73859F8BA}"
EndProject
Project("{9A19103F-16F7-4668-BE54-9A1E7A4F7556}") = "CarRentalManagment.Client", "CarRentalManagment\Client\CarRentalManagment.Client.csproj", "{BFB3EEB5-6B62-47CA-A9A6-D8E418EE3A6D}"
EndProject
Project("{9A19103F-16F7-4668-BE54-9A1E7A4F7556}") = "CarRentalManagment.Shared", "CarRentalManagment\Shared\CarRentalManagment.Shared.csproj", "{5AA625B4-B42F-492E-B836-0BAC47E1910B}"
EndProject
Global
	GlobalSection(SolutionConfigurationPlatforms) = preSolution
		Debug|Any CPU = Debug|Any CPU
		Release|Any CPU = Release|Any CPU
	EndGlobalSection
	GlobalSection(ProjectConfigurationPlatforms) = postSolution
		{157C4854-DF59-4CD8-AF91-29F73859F8BA}.Debug|Any CPU.ActiveCfg = Debug|Any CPU
		{157C4854-DF59-4CD8-AF91-29F73859F8BA}.Debug|Any CPU.Build.0 = Debug|Any CPU
		{157C4854-DF59-4CD8-AF91-29F73859F8BA}.Release|Any CPU.ActiveCfg = Release|Any CPU
		{157C4854-DF59-4CD8-AF91-29F73859F8BA}.Release|Any CPU.Build.0 = Release|Any CPU
		{BFB3EEB5-6B62-47CA-A9A6-D8E418EE3A6D}.Debug|Any CPU.ActiveCfg = Debug|Any CPU
		{BFB3EEB5-6B62-47CA-A9A6-D8E418EE3A6D}.Debug|Any CPU.Build.0 = Debug|Any CPU
		{BFB3EEB5-6B62-47CA-A9A6-D8E418EE3A6D}.Release|Any CPU.ActiveCfg = Release|Any CPU
		{BFB3EEB5-6B62-47CA-A9A6-D8E418EE3A6D}.Release|Any CPU.Build.0 = Release|Any CPU
		{5AA625B4-B42F-492E-B836-0BAC47E1910B}.Debug|Any CPU.ActiveCfg = Debug|Any CPU
		{5AA625B4-B42F-492E-B836-0BAC47E1910B}.Debug|Any CPU.Build.0 = Debug|Any CPU
		{5AA625B4-B42F-492E-B836-0BAC47E1910B}.Release|Any CPU.ActiveCfg = Release|Any CPU
		{5AA625B4-B42F-492E-B836-0BAC47E1910B}.Release|Any CPU.Build.0 = Release|Any CPU
	EndGlobalSection
	GlobalSection(SolutionProperties) = preSolution
		HideSolutionNode = FALSE
	EndGlobalSection
	GlobalSection(ExtensibilityGlobals) = postSolution
		SolutionGuid = {6C8DB4D2-A224-4EA6-B889-BC962636DF95}
	EndGlobalSection
EndGlobal
